// !$*UTF8*$!
{
	archiveVersion = 1;
	classes = {
	};
	objectVersion = 56;
	objects = {

/* Begin PBXBuildFile section */
		7A55742B2A306C9300E3AC8C /* CustomCountView.swift in Sources */ = {isa = PBXBuildFile; fileRef = 7A55742A2A306C9200E3AC8C /* CustomCountView.swift */; };
		7A6E65112992153900975AD7 /* FirstView.swift in Sources */ = {isa = PBXBuildFile; fileRef = 7A6E65102992153900975AD7 /* FirstView.swift */; };
		7A6E65132992154400975AD7 /* SecondView.swift in Sources */ = {isa = PBXBuildFile; fileRef = 7A6E65122992154400975AD7 /* SecondView.swift */; };
		7A6E6517299215AD00975AD7 /* ThirdView.swift in Sources */ = {isa = PBXBuildFile; fileRef = 7A6E6516299215AD00975AD7 /* ThirdView.swift */; };
		7A7466DC2A2F0C3100A00F91 /* Descriptions.swift in Sources */ = {isa = PBXBuildFile; fileRef = 7A7466DB2A2F0C3100A00F91 /* Descriptions.swift */; };
		7ABB1422299B43EE001133B5 /* PercentageRing.swift in Sources */ = {isa = PBXBuildFile; fileRef = 7ABB1421299B43EE001133B5 /* PercentageRing.swift */; };
		7ABB1425299B5096001133B5 /* Extension.swift in Sources */ = {isa = PBXBuildFile; fileRef = 7ABB1424299B5096001133B5 /* Extension.swift */; };
		7AF36E362990B52E0055A1F1 /* Eco_friendlyStepApp.swift in Sources */ = {isa = PBXBuildFile; fileRef = 7AF36E352990B52E0055A1F1 /* Eco_friendlyStepApp.swift */; };
		7AF36E382990B52E0055A1F1 /* ContentView.swift in Sources */ = {isa = PBXBuildFile; fileRef = 7AF36E372990B52E0055A1F1 /* ContentView.swift */; };
		7AF36E3A2990B5310055A1F1 /* Assets.xcassets in Resources */ = {isa = PBXBuildFile; fileRef = 7AF36E392990B5310055A1F1 /* Assets.xcassets */; };
		7AF36E3D2990B5310055A1F1 /* Preview Assets.xcassets in Resources */ = {isa = PBXBuildFile; fileRef = 7AF36E3C2990B5310055A1F1 /* Preview Assets.xcassets */; };
		7AF36E462990B8170055A1F1 /* HealthKitManager.swift in Sources */ = {isa = PBXBuildFile; fileRef = 7AF36E452990B8170055A1F1 /* HealthKitManager.swift */; };
		7AF36E482990B9AF0055A1F1 /* HealthKitViewModel.swift in Sources */ = {isa = PBXBuildFile; fileRef = 7AF36E472990B9AF0055A1F1 /* HealthKitViewModel.swift */; };
/* End PBXBuildFile section */

/* Begin PBXCopyFilesBuildPhase section */
		7AC6615E29A49C8F00639738 /* Embed Foundation Extensions */ = {
			isa = PBXCopyFilesBuildPhase;
			buildActionMask = 2147483647;
			dstPath = "";
			dstSubfolderSpec = 13;
			files = (
			);
			name = "Embed Foundation Extensions";
			runOnlyForDeploymentPostprocessing = 0;
		};
/* End PBXCopyFilesBuildPhase section */

/* Begin PBXFileReference section */
		7A55742A2A306C9200E3AC8C /* CustomCountView.swift */ = {isa = PBXFileReference; lastKnownFileType = sourcecode.swift; path = CustomCountView.swift; sourceTree = "<group>"; };
		7A6E65102992153900975AD7 /* FirstView.swift */ = {isa = PBXFileReference; lastKnownFileType = sourcecode.swift; path = FirstView.swift; sourceTree = "<group>"; };
		7A6E65122992154400975AD7 /* SecondView.swift */ = {isa = PBXFileReference; lastKnownFileType = sourcecode.swift; path = SecondView.swift; sourceTree = "<group>"; };
		7A6E6516299215AD00975AD7 /* ThirdView.swift */ = {isa = PBXFileReference; lastKnownFileType = sourcecode.swift; path = ThirdView.swift; sourceTree = "<group>"; };
		7A7466DB2A2F0C3100A00F91 /* Descriptions.swift */ = {isa = PBXFileReference; lastKnownFileType = sourcecode.swift; path = Descriptions.swift; sourceTree = "<group>"; };
		7ABB1421299B43EE001133B5 /* PercentageRing.swift */ = {isa = PBXFileReference; lastKnownFileType = sourcecode.swift; path = PercentageRing.swift; sourceTree = "<group>"; };
		7ABB1424299B5096001133B5 /* Extension.swift */ = {isa = PBXFileReference; lastKnownFileType = sourcecode.swift; path = Extension.swift; sourceTree = "<group>"; };
		7AC6615129A49C8A00639738 /* SwiftUI.framework */ = {isa = PBXFileReference; lastKnownFileType = wrapper.framework; name = SwiftUI.framework; path = System/Library/Frameworks/SwiftUI.framework; sourceTree = SDKROOT; };
		7AF36E322990B52E0055A1F1 /* Eco-friendlyStep.app */ = {isa = PBXFileReference; explicitFileType = wrapper.application; includeInIndex = 0; path = "Eco-friendlyStep.app"; sourceTree = BUILT_PRODUCTS_DIR; };
		7AF36E352990B52E0055A1F1 /* Eco_friendlyStepApp.swift */ = {isa = PBXFileReference; lastKnownFileType = sourcecode.swift; path = Eco_friendlyStepApp.swift; sourceTree = "<group>"; };
		7AF36E372990B52E0055A1F1 /* ContentView.swift */ = {isa = PBXFileReference; lastKnownFileType = sourcecode.swift; path = ContentView.swift; sourceTree = "<group>"; };
		7AF36E392990B5310055A1F1 /* Assets.xcassets */ = {isa = PBXFileReference; lastKnownFileType = folder.assetcatalog; path = Assets.xcassets; sourceTree = "<group>"; };
		7AF36E3C2990B5310055A1F1 /* Preview Assets.xcassets */ = {isa = PBXFileReference; lastKnownFileType = folder.assetcatalog; path = "Preview Assets.xcassets"; sourceTree = "<group>"; };
		7AF36E432990B5E00055A1F1 /* Eco-friendlyStep.entitlements */ = {isa = PBXFileReference; lastKnownFileType = text.plist.entitlements; path = "Eco-friendlyStep.entitlements"; sourceTree = "<group>"; };
		7AF36E442990B65C0055A1F1 /* Info.plist */ = {isa = PBXFileReference; lastKnownFileType = text.plist; path = Info.plist; sourceTree = "<group>"; };
		7AF36E452990B8170055A1F1 /* HealthKitManager.swift */ = {isa = PBXFileReference; lastKnownFileType = sourcecode.swift; path = HealthKitManager.swift; sourceTree = "<group>"; };
		7AF36E472990B9AF0055A1F1 /* HealthKitViewModel.swift */ = {isa = PBXFileReference; lastKnownFileType = sourcecode.swift; path = HealthKitViewModel.swift; sourceTree = "<group>"; };
/* End PBXFileReference section */

/* Begin PBXFrameworksBuildPhase section */
		7AF36E2F2990B52E0055A1F1 /* Frameworks */ = {
			isa = PBXFrameworksBuildPhase;
			buildActionMask = 2147483647;
			files = (
			);
			runOnlyForDeploymentPostprocessing = 0;
		};
/* End PBXFrameworksBuildPhase section */

/* Begin PBXGroup section */
		7A6E65182992171A00975AD7 /* View */ = {
			isa = PBXGroup;
			children = (
				7AF36E372990B52E0055A1F1 /* ContentView.swift */,
				7A6E65102992153900975AD7 /* FirstView.swift */,
				7A6E65122992154400975AD7 /* SecondView.swift */,
				7A6E6516299215AD00975AD7 /* ThirdView.swift */,
				7A55742A2A306C9200E3AC8C /* CustomCountView.swift */,
			);
			path = View;
			sourceTree = "<group>";
		};
		7A7466DD2A2F0C3A00A00F91 /* Description */ = {
			isa = PBXGroup;
			children = (
				7A7466DB2A2F0C3100A00F91 /* Descriptions.swift */,
			);
			path = Description;
			sourceTree = "<group>";
		};
		7ABB1423299B4B3A001133B5 /* Design */ = {
			isa = PBXGroup;
			children = (
				7ABB1421299B43EE001133B5 /* PercentageRing.swift */,
			);
			path = Design;
			sourceTree = "<group>";
		};
		7ABB1426299B50D0001133B5 /* Extension */ = {
			isa = PBXGroup;
			children = (
				7ABB1424299B5096001133B5 /* Extension.swift */,
			);
			path = Extension;
			sourceTree = "<group>";
		};
		7AC6614E29A49C8A00639738 /* Frameworks */ = {
			isa = PBXGroup;
			children = (
				7AC6615129A49C8A00639738 /* SwiftUI.framework */,
			);
			name = Frameworks;
			sourceTree = "<group>";
		};
		7AF36E292990B52E0055A1F1 = {
			isa = PBXGroup;
			children = (
				7AF36E342990B52E0055A1F1 /* Eco-friendlyStep */,
				7AC6614E29A49C8A00639738 /* Frameworks */,
				7AF36E332990B52E0055A1F1 /* Products */,
			);
			sourceTree = "<group>";
		};
		7AF36E332990B52E0055A1F1 /* Products */ = {
			isa = PBXGroup;
			children = (
				7AF36E322990B52E0055A1F1 /* Eco-friendlyStep.app */,
			);
			name = Products;
			sourceTree = "<group>";
		};
		7AF36E342990B52E0055A1F1 /* Eco-friendlyStep */ = {
			isa = PBXGroup;
			children = (
				7AF36E442990B65C0055A1F1 /* Info.plist */,
				7AF36E432990B5E00055A1F1 /* Eco-friendlyStep.entitlements */,
				7AF36E352990B52E0055A1F1 /* Eco_friendlyStepApp.swift */,
				7AF36E452990B8170055A1F1 /* HealthKitManager.swift */,
				7AF36E472990B9AF0055A1F1 /* HealthKitViewModel.swift */,
				7A6E65182992171A00975AD7 /* View */,
				7ABB1423299B4B3A001133B5 /* Design */,
				7ABB1426299B50D0001133B5 /* Extension */,
				7A7466DD2A2F0C3A00A00F91 /* Description */,
				7AF36E392990B5310055A1F1 /* Assets.xcassets */,
				7AF36E3B2990B5310055A1F1 /* Preview Content */,
			);
			path = "Eco-friendlyStep";
			sourceTree = "<group>";
		};
		7AF36E3B2990B5310055A1F1 /* Preview Content */ = {
			isa = PBXGroup;
			children = (
				7AF36E3C2990B5310055A1F1 /* Preview Assets.xcassets */,
			);
			path = "Preview Content";
			sourceTree = "<group>";
		};
/* End PBXGroup section */

/* Begin PBXNativeTarget section */
		7AF36E312990B52E0055A1F1 /* Eco-friendlyStep */ = {
			isa = PBXNativeTarget;
			buildConfigurationList = 7AF36E402990B5310055A1F1 /* Build configuration list for PBXNativeTarget "Eco-friendlyStep" */;
			buildPhases = (
				7AF36E2E2990B52E0055A1F1 /* Sources */,
				7AF36E2F2990B52E0055A1F1 /* Frameworks */,
				7AF36E302990B52E0055A1F1 /* Resources */,
				7AC6615E29A49C8F00639738 /* Embed Foundation Extensions */,
			);
			buildRules = (
			);
			dependencies = (
			);
			name = "Eco-friendlyStep";
			productName = "Eco-friendlyStep";
			productReference = 7AF36E322990B52E0055A1F1 /* Eco-friendlyStep.app */;
			productType = "com.apple.product-type.application";
		};
/* End PBXNativeTarget section */

/* Begin PBXProject section */
		7AF36E2A2990B52E0055A1F1 /* Project object */ = {
			isa = PBXProject;
			attributes = {
				BuildIndependentTargetsInParallel = 1;
				LastSwiftUpdateCheck = 1410;
				LastUpgradeCheck = 1410;
				TargetAttributes = {
					7AF36E312990B52E0055A1F1 = {
						CreatedOnToolsVersion = 14.1;
					};
				};
			};
			buildConfigurationList = 7AF36E2D2990B52E0055A1F1 /* Build configuration list for PBXProject "Eco-friendlyStep" */;
			compatibilityVersion = "Xcode 14.0";
			developmentRegion = en;
			hasScannedForEncodings = 0;
			knownRegions = (
				en,
				Base,
			);
			mainGroup = 7AF36E292990B52E0055A1F1;
			productRefGroup = 7AF36E332990B52E0055A1F1 /* Products */;
			projectDirPath = "";
			projectRoot = "";
			targets = (
				7AF36E312990B52E0055A1F1 /* Eco-friendlyStep */,
			);
		};
/* End PBXProject section */

/* Begin PBXResourcesBuildPhase section */
		7AF36E302990B52E0055A1F1 /* Resources */ = {
			isa = PBXResourcesBuildPhase;
			buildActionMask = 2147483647;
			files = (
				7AF36E3D2990B5310055A1F1 /* Preview Assets.xcassets in Resources */,
				7AF36E3A2990B5310055A1F1 /* Assets.xcassets in Resources */,
			);
			runOnlyForDeploymentPostprocessing = 0;
		};
/* End PBXResourcesBuildPhase section */

/* Begin PBXSourcesBuildPhase section */
		7AF36E2E2990B52E0055A1F1 /* Sources */ = {
			isa = PBXSourcesBuildPhase;
			buildActionMask = 2147483647;
			files = (
				7A6E6517299215AD00975AD7 /* ThirdView.swift in Sources */,
				7A6E65132992154400975AD7 /* SecondView.swift in Sources */,
				7AF36E382990B52E0055A1F1 /* ContentView.swift in Sources */,
				7A6E65112992153900975AD7 /* FirstView.swift in Sources */,
				7A55742B2A306C9300E3AC8C /* CustomCountView.swift in Sources */,
				7A7466DC2A2F0C3100A00F91 /* Descriptions.swift in Sources */,
				7ABB1425299B5096001133B5 /* Extension.swift in Sources */,
				7ABB1422299B43EE001133B5 /* PercentageRing.swift in Sources */,
				7AF36E482990B9AF0055A1F1 /* HealthKitViewModel.swift in Sources */,
				7AF36E362990B52E0055A1F1 /* Eco_friendlyStepApp.swift in Sources */,
				7AF36E462990B8170055A1F1 /* HealthKitManager.swift in Sources */,
			);
			runOnlyForDeploymentPostprocessing = 0;
		};
/* End PBXSourcesBuildPhase section */

/* Begin XCBuildConfiguration section */
		7AF36E3E2990B5310055A1F1 /* Debug */ = {
			isa = XCBuildConfiguration;
			buildSettings = {
				ALWAYS_SEARCH_USER_PATHS = NO;
				CLANG_ANALYZER_NONNULL = YES;
				CLANG_ANALYZER_NUMBER_OBJECT_CONVERSION = YES_AGGRESSIVE;
				CLANG_CXX_LANGUAGE_STANDARD = "gnu++20";
				CLANG_ENABLE_MODULES = YES;
				CLANG_ENABLE_OBJC_ARC = YES;
				CLANG_ENABLE_OBJC_WEAK = YES;
				CLANG_WARN_BLOCK_CAPTURE_AUTORELEASING = YES;
				CLANG_WARN_BOOL_CONVERSION = YES;
				CLANG_WARN_COMMA = YES;
				CLANG_WARN_CONSTANT_CONVERSION = YES;
				CLANG_WARN_DEPRECATED_OBJC_IMPLEMENTATIONS = YES;
				CLANG_WARN_DIRECT_OBJC_ISA_USAGE = YES_ERROR;
				CLANG_WARN_DOCUMENTATION_COMMENTS = YES;
				CLANG_WARN_EMPTY_BODY = YES;
				CLANG_WARN_ENUM_CONVERSION = YES;
				CLANG_WARN_INFINITE_RECURSION = YES;
				CLANG_WARN_INT_CONVERSION = YES;
				CLANG_WARN_NON_LITERAL_NULL_CONVERSION = YES;
				CLANG_WARN_OBJC_IMPLICIT_RETAIN_SELF = YES;
				CLANG_WARN_OBJC_LITERAL_CONVERSION = YES;
				CLANG_WARN_OBJC_ROOT_CLASS = YES_ERROR;
				CLANG_WARN_QUOTED_INCLUDE_IN_FRAMEWORK_HEADER = YES;
				CLANG_WARN_RANGE_LOOP_ANALYSIS = YES;
				CLANG_WARN_STRICT_PROTOTYPES = YES;
				CLANG_WARN_SUSPICIOUS_MOVE = YES;
				CLANG_WARN_UNGUARDED_AVAILABILITY = YES_AGGRESSIVE;
				CLANG_WARN_UNREACHABLE_CODE = YES;
				CLANG_WARN__DUPLICATE_METHOD_MATCH = YES;
				COPY_PHASE_STRIP = NO;
				DEBUG_INFORMATION_FORMAT = dwarf;
				ENABLE_STRICT_OBJC_MSGSEND = YES;
				ENABLE_TESTABILITY = YES;
				GCC_C_LANGUAGE_STANDARD = gnu11;
				GCC_DYNAMIC_NO_PIC = NO;
				GCC_NO_COMMON_BLOCKS = YES;
				GCC_OPTIMIZATION_LEVEL = 0;
				GCC_PREPROCESSOR_DEFINITIONS = (
					"DEBUG=1",
					"$(inherited)",
				);
				GCC_WARN_64_TO_32_BIT_CONVERSION = YES;
				GCC_WARN_ABOUT_RETURN_TYPE = YES_ERROR;
				GCC_WARN_UNDECLARED_SELECTOR = YES;
				GCC_WARN_UNINITIALIZED_AUTOS = YES_AGGRESSIVE;
				GCC_WARN_UNUSED_FUNCTION = YES;
				GCC_WARN_UNUSED_VARIABLE = YES;
				IPHONEOS_DEPLOYMENT_TARGET = 16.1;
				MTL_ENABLE_DEBUG_INFO = INCLUDE_SOURCE;
				MTL_FAST_MATH = YES;
				ONLY_ACTIVE_ARCH = YES;
				SDKROOT = iphoneos;
				SWIFT_ACTIVE_COMPILATION_CONDITIONS = DEBUG;
				SWIFT_OPTIMIZATION_LEVEL = "-Onone";
			};
			name = Debug;
		};
		7AF36E3F2990B5310055A1F1 /* Release */ = {
			isa = XCBuildConfiguration;
			buildSettings = {
				ALWAYS_SEARCH_USER_PATHS = NO;
				CLANG_ANALYZER_NONNULL = YES;
				CLANG_ANALYZER_NUMBER_OBJECT_CONVERSION = YES_AGGRESSIVE;
				CLANG_CXX_LANGUAGE_STANDARD = "gnu++20";
				CLANG_ENABLE_MODULES = YES;
				CLANG_ENABLE_OBJC_ARC = YES;
				CLANG_ENABLE_OBJC_WEAK = YES;
				CLANG_WARN_BLOCK_CAPTURE_AUTORELEASING = YES;
				CLANG_WARN_BOOL_CONVERSION = YES;
				CLANG_WARN_COMMA = YES;
				CLANG_WARN_CONSTANT_CONVERSION = YES;
				CLANG_WARN_DEPRECATED_OBJC_IMPLEMENTATIONS = YES;
				CLANG_WARN_DIRECT_OBJC_ISA_USAGE = YES_ERROR;
				CLANG_WARN_DOCUMENTATION_COMMENTS = YES;
				CLANG_WARN_EMPTY_BODY = YES;
				CLANG_WARN_ENUM_CONVERSION = YES;
				CLANG_WARN_INFINITE_RECURSION = YES;
				CLANG_WARN_INT_CONVERSION = YES;
				CLANG_WARN_NON_LITERAL_NULL_CONVERSION = YES;
				CLANG_WARN_OBJC_IMPLICIT_RETAIN_SELF = YES;
				CLANG_WARN_OBJC_LITERAL_CONVERSION = YES;
				CLANG_WARN_OBJC_ROOT_CLASS = YES_ERROR;
				CLANG_WARN_QUOTED_INCLUDE_IN_FRAMEWORK_HEADER = YES;
				CLANG_WARN_RANGE_LOOP_ANALYSIS = YES;
				CLANG_WARN_STRICT_PROTOTYPES = YES;
				CLANG_WARN_SUSPICIOUS_MOVE = YES;
				CLANG_WARN_UNGUARDED_AVAILABILITY = YES_AGGRESSIVE;
				CLANG_WARN_UNREACHABLE_CODE = YES;
				CLANG_WARN__DUPLICATE_METHOD_MATCH = YES;
				COPY_PHASE_STRIP = NO;
				DEBUG_INFORMATION_FORMAT = "dwarf-with-dsym";
				ENABLE_NS_ASSERTIONS = NO;
				ENABLE_STRICT_OBJC_MSGSEND = YES;
				GCC_C_LANGUAGE_STANDARD = gnu11;
				GCC_NO_COMMON_BLOCKS = YES;
				GCC_WARN_64_TO_32_BIT_CONVERSION = YES;
				GCC_WARN_ABOUT_RETURN_TYPE = YES_ERROR;
				GCC_WARN_UNDECLARED_SELECTOR = YES;
				GCC_WARN_UNINITIALIZED_AUTOS = YES_AGGRESSIVE;
				GCC_WARN_UNUSED_FUNCTION = YES;
				GCC_WARN_UNUSED_VARIABLE = YES;
				IPHONEOS_DEPLOYMENT_TARGET = 16.1;
				MTL_ENABLE_DEBUG_INFO = NO;
				MTL_FAST_MATH = YES;
				SDKROOT = iphoneos;
				SWIFT_COMPILATION_MODE = wholemodule;
				SWIFT_OPTIMIZATION_LEVEL = "-O";
				VALIDATE_PRODUCT = YES;
			};
			name = Release;
		};
		7AF36E412990B5310055A1F1 /* Debug */ = {
			isa = XCBuildConfiguration;
			buildSettings = {
				ASSETCATALOG_COMPILER_APPICON_NAME = AppIcon;
				ASSETCATALOG_COMPILER_GLOBAL_ACCENT_COLOR_NAME = AccentColor;
				CODE_SIGN_ENTITLEMENTS = "Eco-friendlyStep/Eco-friendlyStep.entitlements";
				CODE_SIGN_STYLE = Automatic;
				CURRENT_PROJECT_VERSION = 1;
				DEVELOPMENT_ASSET_PATHS = "\"Eco-friendlyStep/Preview Content\"";
				DEVELOPMENT_TEAM = N26MX7V92N;
				ENABLE_PREVIEWS = YES;
				GENERATE_INFOPLIST_FILE = YES;
				INFOPLIST_FILE = "Eco-friendlyStep/Info.plist";
				INFOPLIST_KEY_NSHealthShareUsageDescription = " We use flights climbed data to calculate calories consumed through stair climbing and CO2 emission reductions through stair climbing. Please allow permission for these functions.";
				INFOPLIST_KEY_NSHealthUpdateUsageDescription = " We use flights climbed data to calculate calories consumed through stair climbing and CO2 emission reductions through stair climbing. Please allow permission for these functions.";
				INFOPLIST_KEY_UIApplicationSceneManifest_Generation = YES;
				INFOPLIST_KEY_UIApplicationSupportsIndirectInputEvents = YES;
				INFOPLIST_KEY_UILaunchScreen_Generation = YES;
				INFOPLIST_KEY_UIStatusBarStyle = "";
				INFOPLIST_KEY_UISupportedInterfaceOrientations = UIInterfaceOrientationPortrait;
				IPHONEOS_DEPLOYMENT_TARGET = 16.0;
				LD_RUNPATH_SEARCH_PATHS = (
					"$(inherited)",
					"@executable_path/Frameworks",
				);
				MARKETING_VERSION = 1.0;
				PRODUCT_BUNDLE_IDENTIFIER = "com.example.apple-samplecode.Eco-friendlyStep";
				PRODUCT_NAME = "$(TARGET_NAME)";
				SUPPORTED_PLATFORMS = "iphoneos iphonesimulator";
				SUPPORTS_MACCATALYST = NO;
				SUPPORTS_MAC_DESIGNED_FOR_IPHONE_IPAD = NO;
				SWIFT_EMIT_LOC_STRINGS = YES;
				SWIFT_VERSION = 5.0;
				TARGETED_DEVICE_FAMILY = 1;
			};
			name = Debug;
		};
		7AF36E422990B5310055A1F1 /* Release */ = {
			isa = XCBuildConfiguration;
			buildSettings = {
				ASSETCATALOG_COMPILER_APPICON_NAME = AppIcon;
				ASSETCATALOG_COMPILER_GLOBAL_ACCENT_COLOR_NAME = AccentColor;
				CODE_SIGN_ENTITLEMENTS = "Eco-friendlyStep/Eco-friendlyStep.entitlements";
				CODE_SIGN_STYLE = Automatic;
				CURRENT_PROJECT_VERSION = 1;
				DEVELOPMENT_ASSET_PATHS = "\"Eco-friendlyStep/Preview Content\"";
				DEVELOPMENT_TEAM = N26MX7V92N;
				ENABLE_PREVIEWS = YES;
				GENERATE_INFOPLIST_FILE = YES;
				INFOPLIST_FILE = "Eco-friendlyStep/Info.plist";
				INFOPLIST_KEY_NSHealthShareUsageDescription = " We use flights climbed data to calculate calories consumed through stair climbing and CO2 emission reductions through stair climbing. Please allow permission for these functions.";
				INFOPLIST_KEY_NSHealthUpdateUsageDescription = " We use flights climbed data to calculate calories consumed through stair climbing and CO2 emission reductions through stair climbing. Please allow permission for these functions.";
				INFOPLIST_KEY_UIApplicationSceneManifest_Generation = YES;
				INFOPLIST_KEY_UIApplicationSupportsIndirectInputEvents = YES;
				INFOPLIST_KEY_UILaunchScreen_Generation = YES;
				INFOPLIST_KEY_UIStatusBarStyle = "";
				INFOPLIST_KEY_UISupportedInterfaceOrientations = UIInterfaceOrientationPortrait;
				IPHONEOS_DEPLOYMENT_TARGET = 16.0;
				LD_RUNPATH_SEARCH_PATHS = (
					"$(inherited)",
					"@executable_path/Frameworks",
				);
				MARKETING_VERSION = 1.0;
				PRODUCT_BUNDLE_IDENTIFIER = "com.example.apple-samplecode.Eco-friendlyStep";
				PRODUCT_NAME = "$(TARGET_NAME)";
				SUPPORTED_PLATFORMS = "iphoneos iphonesimulator";
				SUPPORTS_MACCATALYST = NO;
				SUPPORTS_MAC_DESIGNED_FOR_IPHONE_IPAD = NO;
				SWIFT_EMIT_LOC_STRINGS = YES;
				SWIFT_VERSION = 5.0;
				TARGETED_DEVICE_FAMILY = 1;
			};
			name = Release;
		};
/* End XCBuildConfiguration section */

/* Begin XCConfigurationList section */
		7AF36E2D2990B52E0055A1F1 /* Build configuration list for PBXProject "Eco-friendlyStep" */ = {
			isa = XCConfigurationList;
			buildConfigurations = (
				7AF36E3E2990B5310055A1F1 /* Debug */,
				7AF36E3F2990B5310055A1F1 /* Release */,
			);
			defaultConfigurationIsVisible = 0;
			defaultConfigurationName = Release;
		};
		7AF36E402990B5310055A1F1 /* Build configuration list for PBXNativeTarget "Eco-friendlyStep" */ = {
			isa = XCConfigurationList;
			buildConfigurations = (
				7AF36E412990B5310055A1F1 /* Debug */,
				7AF36E422990B5310055A1F1 /* Release */,
			);
			defaultConfigurationIsVisible = 0;
			defaultConfigurationName = Release;
		};
/* End XCConfigurationList section */
	};
	rootObject = 7AF36E2A2990B52E0055A1F1 /* Project object */;
}
